
Microsoft Visual Studio Solution File, Format Version 12.00
# Visual Studio 15
VisualStudioVersion = 15.0.26430.6
MinimumVisualStudioVersion = 10.0.40219.1
Project("{2150E333-8FDC-42A3-9474-1A3956D46DE8}") = "Registry", "Registry", "{B6C84716-38CC-4C88-BEB1-430A2F6876D3}"
EndProject
Project("{9A19103F-16F7-4668-BE54-9A1E7A4F7556}") = "Meou.Registry.Abstractions", "src\Meou.Registry.Abstractions\Meou.Registry.Abstractions.csproj", "{13349036-985D-4055-AD89-0A63C8AC23CF}"
EndProject
Project("{9A19103F-16F7-4668-BE54-9A1E7A4F7556}") = "Meou.Registry.Zookeeper", "src\Meou.Registry.Zookeeper\Meou.Registry.Zookeeper.csproj", "{0B1FD54B-DACB-4789-A580-A447FE60DE7C}"
EndProject
Project("{2150E333-8FDC-42A3-9474-1A3956D46DE8}") = "Router", "Router", "{50FD6BE0-07E5-45E6-8313-E191FC45CB35}"
EndProject
Project("{2150E333-8FDC-42A3-9474-1A3956D46DE8}") = "LoadBalance", "LoadBalance", "{01ACAFD0-78D9-4F47-9A59-D7A9E16848A5}"
EndProject
Project("{2150E333-8FDC-42A3-9474-1A3956D46DE8}") = "RPC", "RPC", "{C2D612D2-8A8D-4D4F-94CC-F57E8910D84C}"
EndProject
Project("{2150E333-8FDC-42A3-9474-1A3956D46DE8}") = "Samples", "Samples", "{1C6A5AD7-631B-4548-A62C-0C28C4EED7C5}"
EndProject
Project("{9A19103F-16F7-4668-BE54-9A1E7A4F7556}") = "ZookeeperClientCore", "src\ZookeeperClientCore\ZookeeperClientCore.csproj", "{48578185-61ED-4B40-AED1-A7DC1E83D235}"
EndProject
Project("{FAE04EC0-301F-11D3-BF4B-00C04F79EFBC}") = "Meou.RPC.Abstractions", "src\Meou.RPC.Abstractions\Meou.RPC.Abstractions.csproj", "{1467E46B-32E8-4CD1-AE74-BC0779A650D3}"
EndProject
Project("{FAE04EC0-301F-11D3-BF4B-00C04F79EFBC}") = "Meou.Transport.DotNetty", "src\Meou.Transport.DotNetty\Meou.Transport.DotNetty.csproj", "{576F184E-5DAA-40DC-8AA9-39242361C199}"
EndProject
Project("{FAE04EC0-301F-11D3-BF4B-00C04F79EFBC}") = "Meou.Rpc.Codec.ProtoBuffer", "src\Meou.Rpc.Codec.ProtoBuffer\Meou.Rpc.Codec.ProtoBuffer.csproj", "{9C9A99C1-FE96-4ED2-A3EB-F71D58316C9E}"
EndProject
Project("{9A19103F-16F7-4668-BE54-9A1E7A4F7556}") = "Meou.RPC.Core", "src\Meou.RPC.Core\Meou.RPC.Core.csproj", "{35BB2DE3-FA63-42E1-AD66-785FACCA23AB}"
EndProject
Project("{9A19103F-16F7-4668-BE54-9A1E7A4F7556}") = "ZookeeperConsoleApp", "src\ZookeeperConsoleApp\ZookeeperConsoleApp.csproj", "{B78D874B-7B0A-4770-9736-285B21734F5A}"
EndProject
Project("{FAE04EC0-301F-11D3-BF4B-00C04F79EFBC}") = "Echo.Client", "src\Echo.Client\Echo.Client.csproj", "{E3D4827B-0FA9-4075-993E-F2D290ABE599}"
EndProject
Project("{FAE04EC0-301F-11D3-BF4B-00C04F79EFBC}") = "Echo.Service", "src\Echo.Service\Echo.Service.csproj", "{CC799443-7D5D-4403-A067-C51EE1394D14}"
EndProject
Project("{FAE04EC0-301F-11D3-BF4B-00C04F79EFBC}") = "Echo.Server", "src\Echo.Server\Echo.Server.csproj", "{6F30136B-ABDE-41E1-B714-5399D5999664}"
EndProject
Project("{FAE04EC0-301F-11D3-BF4B-00C04F79EFBC}") = "Meou.RPC.ProxyGenerator", "Meou.RPC.ProxyGenerator\Meou.RPC.ProxyGenerator.csproj", "{B7DD3CDE-CFB6-4FBA-A7E9-77D795966B25}"
EndProject
Project("{FAE04EC0-301F-11D3-BF4B-00C04F79EFBC}") = "HBC", "HBC\HBC.csproj", "{5FF8B65A-5F27-4AE2-8FE3-4112E1A970BF}"
EndProject
Project("{FAE04EC0-301F-11D3-BF4B-00C04F79EFBC}") = "HBS", "HBS\HBS.csproj", "{1E938942-4631-4BD8-8B69-96C2C890A33C}"
EndProject
Global
	GlobalSection(SolutionConfigurationPlatforms) = preSolution
		Debug|Any CPU = Debug|Any CPU
		Release|Any CPU = Release|Any CPU
	EndGlobalSection
	GlobalSection(ProjectConfigurationPlatforms) = postSolution
		{13349036-985D-4055-AD89-0A63C8AC23CF}.Debug|Any CPU.ActiveCfg = Debug|Any CPU
		{13349036-985D-4055-AD89-0A63C8AC23CF}.Debug|Any CPU.Build.0 = Debug|Any CPU
		{13349036-985D-4055-AD89-0A63C8AC23CF}.Release|Any CPU.ActiveCfg = Release|Any CPU
		{13349036-985D-4055-AD89-0A63C8AC23CF}.Release|Any CPU.Build.0 = Release|Any CPU
		{0B1FD54B-DACB-4789-A580-A447FE60DE7C}.Debug|Any CPU.ActiveCfg = Debug|Any CPU
		{0B1FD54B-DACB-4789-A580-A447FE60DE7C}.Debug|Any CPU.Build.0 = Debug|Any CPU
		{0B1FD54B-DACB-4789-A580-A447FE60DE7C}.Release|Any CPU.ActiveCfg = Release|Any CPU
		{0B1FD54B-DACB-4789-A580-A447FE60DE7C}.Release|Any CPU.Build.0 = Release|Any CPU
		{48578185-61ED-4B40-AED1-A7DC1E83D235}.Debug|Any CPU.ActiveCfg = Debug|Any CPU
		{48578185-61ED-4B40-AED1-A7DC1E83D235}.Debug|Any CPU.Build.0 = Debug|Any CPU
		{48578185-61ED-4B40-AED1-A7DC1E83D235}.Release|Any CPU.ActiveCfg = Release|Any CPU
		{48578185-61ED-4B40-AED1-A7DC1E83D235}.Release|Any CPU.Build.0 = Release|Any CPU
		{1467E46B-32E8-4CD1-AE74-BC0779A650D3}.Debug|Any CPU.ActiveCfg = Debug|Any CPU
		{1467E46B-32E8-4CD1-AE74-BC0779A650D3}.Debug|Any CPU.Build.0 = Debug|Any CPU
		{1467E46B-32E8-4CD1-AE74-BC0779A650D3}.Release|Any CPU.ActiveCfg = Release|Any CPU
		{1467E46B-32E8-4CD1-AE74-BC0779A650D3}.Release|Any CPU.Build.0 = Release|Any CPU
		{576F184E-5DAA-40DC-8AA9-39242361C199}.Debug|Any CPU.ActiveCfg = Debug|Any CPU
		{576F184E-5DAA-40DC-8AA9-39242361C199}.Debug|Any CPU.Build.0 = Debug|Any CPU
		{576F184E-5DAA-40DC-8AA9-39242361C199}.Release|Any CPU.ActiveCfg = Release|Any CPU
		{576F184E-5DAA-40DC-8AA9-39242361C199}.Release|Any CPU.Build.0 = Release|Any CPU
		{9C9A99C1-FE96-4ED2-A3EB-F71D58316C9E}.Debug|Any CPU.ActiveCfg = Debug|Any CPU
		{9C9A99C1-FE96-4ED2-A3EB-F71D58316C9E}.Debug|Any CPU.Build.0 = Debug|Any CPU
		{9C9A99C1-FE96-4ED2-A3EB-F71D58316C9E}.Release|Any CPU.ActiveCfg = Release|Any CPU
		{9C9A99C1-FE96-4ED2-A3EB-F71D58316C9E}.Release|Any CPU.Build.0 = Release|Any CPU
		{35BB2DE3-FA63-42E1-AD66-785FACCA23AB}.Debug|Any CPU.ActiveCfg = Debug|Any CPU
		{35BB2DE3-FA63-42E1-AD66-785FACCA23AB}.Debug|Any CPU.Build.0 = Debug|Any CPU
		{35BB2DE3-FA63-42E1-AD66-785FACCA23AB}.Release|Any CPU.ActiveCfg = Release|Any CPU
		{35BB2DE3-FA63-42E1-AD66-785FACCA23AB}.Release|Any CPU.Build.0 = Release|Any CPU
		{B78D874B-7B0A-4770-9736-285B21734F5A}.Debug|Any CPU.ActiveCfg = Debug|Any CPU
		{B78D874B-7B0A-4770-9736-285B21734F5A}.Debug|Any CPU.Build.0 = Debug|Any CPU
		{B78D874B-7B0A-4770-9736-285B21734F5A}.Release|Any CPU.ActiveCfg = Release|Any CPU
		{B78D874B-7B0A-4770-9736-285B21734F5A}.Release|Any CPU.Build.0 = Release|Any CPU
		{E3D4827B-0FA9-4075-993E-F2D290ABE599}.Debug|Any CPU.ActiveCfg = Debug|Any CPU
		{E3D4827B-0FA9-4075-993E-F2D290ABE599}.Debug|Any CPU.Build.0 = Debug|Any CPU
		{E3D4827B-0FA9-4075-993E-F2D290ABE599}.Release|Any CPU.ActiveCfg = Release|Any CPU
		{E3D4827B-0FA9-4075-993E-F2D290ABE599}.Release|Any CPU.Build.0 = Release|Any CPU
		{CC799443-7D5D-4403-A067-C51EE1394D14}.Debug|Any CPU.ActiveCfg = Debug|Any CPU
		{CC799443-7D5D-4403-A067-C51EE1394D14}.Debug|Any CPU.Build.0 = Debug|Any CPU
		{CC799443-7D5D-4403-A067-C51EE1394D14}.Release|Any CPU.ActiveCfg = Release|Any CPU
		{CC799443-7D5D-4403-A067-C51EE1394D14}.Release|Any CPU.Build.0 = Release|Any CPU
		{6F30136B-ABDE-41E1-B714-5399D5999664}.Debug|Any CPU.ActiveCfg = Debug|Any CPU
		{6F30136B-ABDE-41E1-B714-5399D5999664}.Debug|Any CPU.Build.0 = Debug|Any CPU
		{6F30136B-ABDE-41E1-B714-5399D5999664}.Release|Any CPU.ActiveCfg = Release|Any CPU
		{6F30136B-ABDE-41E1-B714-5399D5999664}.Release|Any CPU.Build.0 = Release|Any CPU
		{B7DD3CDE-CFB6-4FBA-A7E9-77D795966B25}.Debug|Any CPU.ActiveCfg = Debug|Any CPU
		{B7DD3CDE-CFB6-4FBA-A7E9-77D795966B25}.Debug|Any CPU.Build.0 = Debug|Any CPU
		{B7DD3CDE-CFB6-4FBA-A7E9-77D795966B25}.Release|Any CPU.ActiveCfg = Release|Any CPU
		{B7DD3CDE-CFB6-4FBA-A7E9-77D795966B25}.Release|Any CPU.Build.0 = Release|Any CPU
		{5FF8B65A-5F27-4AE2-8FE3-4112E1A970BF}.Debug|Any CPU.ActiveCfg = Debug|Any CPU
		{5FF8B65A-5F27-4AE2-8FE3-4112E1A970BF}.Debug|Any CPU.Build.0 = Debug|Any CPU
		{5FF8B65A-5F27-4AE2-8FE3-4112E1A970BF}.Release|Any CPU.ActiveCfg = Release|Any CPU
		{5FF8B65A-5F27-4AE2-8FE3-4112E1A970BF}.Release|Any CPU.Build.0 = Release|Any CPU
		{1E938942-4631-4BD8-8B69-96C2C890A33C}.Debug|Any CPU.ActiveCfg = Debug|Any CPU
		{1E938942-4631-4BD8-8B69-96C2C890A33C}.Debug|Any CPU.Build.0 = Debug|Any CPU
		{1E938942-4631-4BD8-8B69-96C2C890A33C}.Release|Any CPU.ActiveCfg = Release|Any CPU
		{1E938942-4631-4BD8-8B69-96C2C890A33C}.Release|Any CPU.Build.0 = Release|Any CPU
	EndGlobalSection
	GlobalSection(SolutionProperties) = preSolution
		HideSolutionNode = FALSE
	EndGlobalSection
	GlobalSection(NestedProjects) = preSolution
		{13349036-985D-4055-AD89-0A63C8AC23CF} = {B6C84716-38CC-4C88-BEB1-430A2F6876D3}
		{0B1FD54B-DACB-4789-A580-A447FE60DE7C} = {B6C84716-38CC-4C88-BEB1-430A2F6876D3}
		{48578185-61ED-4B40-AED1-A7DC1E83D235} = {B6C84716-38CC-4C88-BEB1-430A2F6876D3}
		{1467E46B-32E8-4CD1-AE74-BC0779A650D3} = {C2D612D2-8A8D-4D4F-94CC-F57E8910D84C}
		{576F184E-5DAA-40DC-8AA9-39242361C199} = {C2D612D2-8A8D-4D4F-94CC-F57E8910D84C}
		{9C9A99C1-FE96-4ED2-A3EB-F71D58316C9E} = {C2D612D2-8A8D-4D4F-94CC-F57E8910D84C}
		{35BB2DE3-FA63-42E1-AD66-785FACCA23AB} = {C2D612D2-8A8D-4D4F-94CC-F57E8910D84C}
		{B78D874B-7B0A-4770-9736-285B21734F5A} = {1C6A5AD7-631B-4548-A62C-0C28C4EED7C5}
		{E3D4827B-0FA9-4075-993E-F2D290ABE599} = {1C6A5AD7-631B-4548-A62C-0C28C4EED7C5}
		{CC799443-7D5D-4403-A067-C51EE1394D14} = {1C6A5AD7-631B-4548-A62C-0C28C4EED7C5}
		{6F30136B-ABDE-41E1-B714-5399D5999664} = {1C6A5AD7-631B-4548-A62C-0C28C4EED7C5}
		{B7DD3CDE-CFB6-4FBA-A7E9-77D795966B25} = {C2D612D2-8A8D-4D4F-94CC-F57E8910D84C}
		{5FF8B65A-5F27-4AE2-8FE3-4112E1A970BF} = {1C6A5AD7-631B-4548-A62C-0C28C4EED7C5}
		{1E938942-4631-4BD8-8B69-96C2C890A33C} = {1C6A5AD7-631B-4548-A62C-0C28C4EED7C5}
	EndGlobalSection
EndGlobal
